# This file is automatically @generated by Cargo.
# It is not intended for manual editing.
version = 3

[[package]]
name = "ruspiro-mmio-register"
version = "0.1.4"
dependencies = [
 "ruspiro-register",
]

[[package]]
name = "ruspiro-register"
version = "0.5.5"
source = "git+https://github.com/RusPiRo/ruspiro-register.git?branch=development#51e4bd82636dd69e447f4626a60ce13c67957f21"
